
Microsoft Visual Studio Solution File, Format Version 12.00
# Visual Studio 14
VisualStudioVersion = 14.0.25420.1
MinimumVisualStudioVersion = 10.0.40219.1
Project("{FAE04EC0-301F-11D3-BF4B-00C04F79EFBC}") = "AuctionRepository", "AuctionRepository\AuctionRepository.csproj", "{6C95DBA3-6E15-4B1C-81F5-09CB3AAAE256}"
EndProject
Project("{FAE04EC0-301F-11D3-BF4B-00C04F79EFBC}") = "UnitTest", "UnitTest\UnitTest.csproj", "{3E600DA2-D065-4450-A5B4-84927DB5A6E9}"
EndProject
Global
	GlobalSection(SolutionConfigurationPlatforms) = preSolution
		Debug|Any CPU = Debug|Any CPU
		Release|Any CPU = Release|Any CPU
	EndGlobalSection
	GlobalSection(ProjectConfigurationPlatforms) = postSolution
		{6C95DBA3-6E15-4B1C-81F5-09CB3AAAE256}.Debug|Any CPU.ActiveCfg = Debug|Any CPU
		{6C95DBA3-6E15-4B1C-81F5-09CB3AAAE256}.Debug|Any CPU.Build.0 = Debug|Any CPU
		{6C95DBA3-6E15-4B1C-81F5-09CB3AAAE256}.Release|Any CPU.ActiveCfg = Release|Any CPU
		{6C95DBA3-6E15-4B1C-81F5-09CB3AAAE256}.Release|Any CPU.Build.0 = Release|Any CPU
		{3E600DA2-D065-4450-A5B4-84927DB5A6E9}.Debug|Any CPU.ActiveCfg = Debug|Any CPU
		{3E600DA2-D065-4450-A5B4-84927DB5A6E9}.Debug|Any CPU.Build.0 = Debug|Any CPU
		{3E600DA2-D065-4450-A5B4-84927DB5A6E9}.Release|Any CPU.ActiveCfg = Release|Any CPU
		{3E600DA2-D065-4450-A5B4-84927DB5A6E9}.Release|Any CPU.Build.0 = Release|Any CPU
	EndGlobalSection
	GlobalSection(SolutionProperties) = preSolution
		HideSolutionNode = FALSE
	EndGlobalSection
EndGlobal
